// !$*UTF8*$!
{
	archiveVersion = 1;
	classes = {
	};
	objectVersion = 46;
	objects = {

/* Begin PBXBuildFile section */
		B38AF1ED1943924F00E63198 /* MovieListViewController.m in Sources */ = {isa = PBXBuildFile; fileRef = B38AF1EB1943924F00E63198 /* MovieListViewController.m */; };
		B38AF1EE1943924F00E63198 /* MovieListViewController.xib in Resources */ = {isa = PBXBuildFile; fileRef = B38AF1EC1943924F00E63198 /* MovieListViewController.xib */; };
		B38AF1F51943BEED00E63198 /* MovieListCell.m in Sources */ = {isa = PBXBuildFile; fileRef = B38AF1F31943BEED00E63198 /* MovieListCell.m */; };
		B38AF1F61943BEED00E63198 /* MovieListCell.xib in Resources */ = {isa = PBXBuildFile; fileRef = B38AF1F41943BEED00E63198 /* MovieListCell.xib */; };
		B38AF1F91943C14900E63198 /* MovieInfo.m in Sources */ = {isa = PBXBuildFile; fileRef = B38AF1F81943C14900E63198 /* MovieInfo.m */; };
		B38AF20C1944DC4900E63198 /* MovieDetailsViewController.m in Sources */ = {isa = PBXBuildFile; fileRef = B38AF20A1944DC4900E63198 /* MovieDetailsViewController.m */; };
		B38AF20D1944DC4900E63198 /* MovieDetailsViewController.xib in Resources */ = {isa = PBXBuildFile; fileRef = B38AF20B1944DC4900E63198 /* MovieDetailsViewController.xib */; };
		B3EB7DF919437D1E0084C4E8 /* Foundation.framework in Frameworks */ = {isa = PBXBuildFile; fileRef = B3EB7DF819437D1E0084C4E8 /* Foundation.framework */; };
		B3EB7DFB19437D1E0084C4E8 /* CoreGraphics.framework in Frameworks */ = {isa = PBXBuildFile; fileRef = B3EB7DFA19437D1E0084C4E8 /* CoreGraphics.framework */; };
		B3EB7DFD19437D1E0084C4E8 /* UIKit.framework in Frameworks */ = {isa = PBXBuildFile; fileRef = B3EB7DFC19437D1E0084C4E8 /* UIKit.framework */; };
		B3EB7E0319437D1E0084C4E8 /* InfoPlist.strings in Resources */ = {isa = PBXBuildFile; fileRef = B3EB7E0119437D1E0084C4E8 /* InfoPlist.strings */; };
		B3EB7E0519437D1E0084C4E8 /* main.m in Sources */ = {isa = PBXBuildFile; fileRef = B3EB7E0419437D1E0084C4E8 /* main.m */; };
		B3EB7E0919437D1E0084C4E8 /* AppDelegate.m in Sources */ = {isa = PBXBuildFile; fileRef = B3EB7E0819437D1E0084C4E8 /* AppDelegate.m */; };
		B3EB7E0B19437D1E0084C4E8 /* Images.xcassets in Resources */ = {isa = PBXBuildFile; fileRef = B3EB7E0A19437D1E0084C4E8 /* Images.xcassets */; };
		B3EB7E1219437D1E0084C4E8 /* XCTest.framework in Frameworks */ = {isa = PBXBuildFile; fileRef = B3EB7E1119437D1E0084C4E8 /* XCTest.framework */; };
		B3EB7E1319437D1E0084C4E8 /* Foundation.framework in Frameworks */ = {isa = PBXBuildFile; fileRef = B3EB7DF819437D1E0084C4E8 /* Foundation.framework */; };
		B3EB7E1419437D1E0084C4E8 /* UIKit.framework in Frameworks */ = {isa = PBXBuildFile; fileRef = B3EB7DFC19437D1E0084C4E8 /* UIKit.framework */; };
		B3EB7E1C19437D1E0084C4E8 /* InfoPlist.strings in Resources */ = {isa = PBXBuildFile; fileRef = B3EB7E1A19437D1E0084C4E8 /* InfoPlist.strings */; };
		B3EB7E1E19437D1E0084C4E8 /* RottenTomatoesTests.m in Sources */ = {isa = PBXBuildFile; fileRef = B3EB7E1D19437D1E0084C4E8 /* RottenTomatoesTests.m */; };
		CB4DFAF31A6C47D99F9C0A5B /* libPods.a in Frameworks */ = {isa = PBXBuildFile; fileRef = 697B91AA7D2649C4B2346B3B /* libPods.a */; };
/* End PBXBuildFile section */

/* Begin PBXContainerItemProxy section */
		B3EB7E1519437D1E0084C4E8 /* PBXContainerItemProxy */ = {
			isa = PBXContainerItemProxy;
			containerPortal = B3EB7DED19437D1E0084C4E8 /* Project object */;
			proxyType = 1;
			remoteGlobalIDString = B3EB7DF419437D1E0084C4E8;
			remoteInfo = RottenTomatoes;
		};
/* End PBXContainerItemProxy section */

/* Begin PBXFileReference section */
		697B91AA7D2649C4B2346B3B /* libPods.a */ = {isa = PBXFileReference; explicitFileType = archive.ar; includeInIndex = 0; path = libPods.a; sourceTree = BUILT_PRODUCTS_DIR; };
		8E221E12ACD6405493A154AC /* Pods.xcconfig */ = {isa = PBXFileReference; includeInIndex = 1; lastKnownFileType = text.xcconfig; name = Pods.xcconfig; path = Pods/Pods.xcconfig; sourceTree = "<group>"; };
		B38AF1EA1943924F00E63198 /* MovieListViewController.h */ = {isa = PBXFileReference; fileEncoding = 4; lastKnownFileType = sourcecode.c.h; path = MovieListViewController.h; sourceTree = "<group>"; };
		B38AF1EB1943924F00E63198 /* MovieListViewController.m */ = {isa = PBXFileReference; fileEncoding = 4; lastKnownFileType = sourcecode.c.objc; path = MovieListViewController.m; sourceTree = "<group>"; };
		B38AF1EC1943924F00E63198 /* MovieListViewController.xib */ = {isa = PBXFileReference; fileEncoding = 4; lastKnownFileType = file.xib; path = MovieListViewController.xib; sourceTree = "<group>"; };
		B38AF1F21943BEED00E63198 /* MovieListCell.h */ = {isa = PBXFileReference; fileEncoding = 4; lastKnownFileType = sourcecode.c.h; name = MovieListCell.h; path = Views/MovieListCell.h; sourceTree = "<group>"; };
		B38AF1F31943BEED00E63198 /* MovieListCell.m */ = {isa = PBXFileReference; fileEncoding = 4; lastKnownFileType = sourcecode.c.objc; name = MovieListCell.m; path = Views/MovieListCell.m; sourceTree = "<group>"; };
		B38AF1F41943BEED00E63198 /* MovieListCell.xib */ = {isa = PBXFileReference; fileEncoding = 4; lastKnownFileType = file.xib; name = MovieListCell.xib; path = Views/MovieListCell.xib; sourceTree = "<group>"; };
		B38AF1F71943C14900E63198 /* MovieInfo.h */ = {isa = PBXFileReference; fileEncoding = 4; lastKnownFileType = sourcecode.c.h; name = MovieInfo.h; path = Model/MovieInfo.h; sourceTree = "<group>"; };
		B38AF1F81943C14900E63198 /* MovieInfo.m */ = {isa = PBXFileReference; fileEncoding = 4; lastKnownFileType = sourcecode.c.objc; name = MovieInfo.m; path = Model/MovieInfo.m; sourceTree = "<group>"; };
		B38AF2091944DC4900E63198 /* MovieDetailsViewController.h */ = {isa = PBXFileReference; fileEncoding = 4; lastKnownFileType = sourcecode.c.h; path = MovieDetailsViewController.h; sourceTree = "<group>"; };
		B38AF20A1944DC4900E63198 /* MovieDetailsViewController.m */ = {isa = PBXFileReference; fileEncoding = 4; lastKnownFileType = sourcecode.c.objc; path = MovieDetailsViewController.m; sourceTree = "<group>"; };
		B38AF20B1944DC4900E63198 /* MovieDetailsViewController.xib */ = {isa = PBXFileReference; fileEncoding = 4; lastKnownFileType = file.xib; path = MovieDetailsViewController.xib; sourceTree = "<group>"; };
		B3EB7DF519437D1E0084C4E8 /* RottenTomatoes.app */ = {isa = PBXFileReference; explicitFileType = wrapper.application; includeInIndex = 0; path = RottenTomatoes.app; sourceTree = BUILT_PRODUCTS_DIR; };
		B3EB7DF819437D1E0084C4E8 /* Foundation.framework */ = {isa = PBXFileReference; lastKnownFileType = wrapper.framework; name = Foundation.framework; path = System/Library/Frameworks/Foundation.framework; sourceTree = SDKROOT; };
		B3EB7DFA19437D1E0084C4E8 /* CoreGraphics.framework */ = {isa = PBXFileReference; lastKnownFileType = wrapper.framework; name = CoreGraphics.framework; path = System/Library/Frameworks/CoreGraphics.framework; sourceTree = SDKROOT; };
		B3EB7DFC19437D1E0084C4E8 /* UIKit.framework */ = {isa = PBXFileReference; lastKnownFileType = wrapper.framework; name = UIKit.framework; path = System/Library/Frameworks/UIKit.framework; sourceTree = SDKROOT; };
		B3EB7E0019437D1E0084C4E8 /* RottenTomatoes-Info.plist */ = {isa = PBXFileReference; lastKnownFileType = text.plist.xml; path = "RottenTomatoes-Info.plist"; sourceTree = "<group>"; };
		B3EB7E0219437D1E0084C4E8 /* en */ = {isa = PBXFileReference; lastKnownFileType = text.plist.strings; name = en; path = en.lproj/InfoPlist.strings; sourceTree = "<group>"; };
		B3EB7E0419437D1E0084C4E8 /* main.m */ = {isa = PBXFileReference; lastKnownFileType = sourcecode.c.objc; path = main.m; sourceTree = "<group>"; };
		B3EB7E0619437D1E0084C4E8 /* RottenTomatoes-Prefix.pch */ = {isa = PBXFileReference; lastKnownFileType = sourcecode.c.h; path = "RottenTomatoes-Prefix.pch"; sourceTree = "<group>"; };
		B3EB7E0719437D1E0084C4E8 /* AppDelegate.h */ = {isa = PBXFileReference; lastKnownFileType = sourcecode.c.h; path = AppDelegate.h; sourceTree = "<group>"; };
		B3EB7E0819437D1E0084C4E8 /* AppDelegate.m */ = {isa = PBXFileReference; lastKnownFileType = sourcecode.c.objc; path = AppDelegate.m; sourceTree = "<group>"; };
		B3EB7E0A19437D1E0084C4E8 /* Images.xcassets */ = {isa = PBXFileReference; lastKnownFileType = folder.assetcatalog; path = Images.xcassets; sourceTree = "<group>"; };
		B3EB7E1019437D1E0084C4E8 /* RottenTomatoesTests.xctest */ = {isa = PBXFileReference; explicitFileType = wrapper.cfbundle; includeInIndex = 0; path = RottenTomatoesTests.xctest; sourceTree = BUILT_PRODUCTS_DIR; };
		B3EB7E1119437D1E0084C4E8 /* XCTest.framework */ = {isa = PBXFileReference; lastKnownFileType = wrapper.framework; name = XCTest.framework; path = Library/Frameworks/XCTest.framework; sourceTree = DEVELOPER_DIR; };
		B3EB7E1919437D1E0084C4E8 /* RottenTomatoesTests-Info.plist */ = {isa = PBXFileReference; lastKnownFileType = text.plist.xml; path = "RottenTomatoesTests-Info.plist"; sourceTree = "<group>"; };
		B3EB7E1B19437D1E0084C4E8 /* en */ = {isa = PBXFileReference; lastKnownFileType = text.plist.strings; name = en; path = en.lproj/InfoPlist.strings; sourceTree = "<group>"; };
		B3EB7E1D19437D1E0084C4E8 /* RottenTomatoesTests.m */ = {isa = PBXFileReference; lastKnownFileType = sourcecode.c.objc; path = RottenTomatoesTests.m; sourceTree = "<group>"; };
/* End PBXFileReference section */

/* Begin PBXFrameworksBuildPhase section */
		B3EB7DF219437D1E0084C4E8 /* Frameworks */ = {
			isa = PBXFrameworksBuildPhase;
			buildActionMask = 2147483647;
			files = (
				B3EB7DFB19437D1E0084C4E8 /* CoreGraphics.framework in Frameworks */,
				B3EB7DFD19437D1E0084C4E8 /* UIKit.framework in Frameworks */,
				B3EB7DF919437D1E0084C4E8 /* Foundation.framework in Frameworks */,
				CB4DFAF31A6C47D99F9C0A5B /* libPods.a in Frameworks */,
			);
			runOnlyForDeploymentPostprocessing = 0;
		};
		B3EB7E0D19437D1E0084C4E8 /* Frameworks */ = {
			isa = PBXFrameworksBuildPhase;
			buildActionMask = 2147483647;
			files = (
				B3EB7E1219437D1E0084C4E8 /* XCTest.framework in Frameworks */,
				B3EB7E1419437D1E0084C4E8 /* UIKit.framework in Frameworks */,
				B3EB7E1319437D1E0084C4E8 /* Foundation.framework in Frameworks */,
			);
			runOnlyForDeploymentPostprocessing = 0;
		};
/* End PBXFrameworksBuildPhase section */

/* Begin PBXGroup section */
		B38AF1FA1943C15500E63198 /* Model */ = {
			isa = PBXGroup;
			children = (
				B38AF1F71943C14900E63198 /* MovieInfo.h */,
				B38AF1F81943C14900E63198 /* MovieInfo.m */,
			);
			name = Model;
			sourceTree = "<group>";
		};
		B38AF1FB1943C16300E63198 /* Controller */ = {
			isa = PBXGroup;
			children = (
				B38AF2091944DC4900E63198 /* MovieDetailsViewController.h */,
				B38AF20A1944DC4900E63198 /* MovieDetailsViewController.m */,
				B38AF20B1944DC4900E63198 /* MovieDetailsViewController.xib */,
				B38AF1EA1943924F00E63198 /* MovieListViewController.h */,
				B38AF1EB1943924F00E63198 /* MovieListViewController.m */,
				B38AF1EC1943924F00E63198 /* MovieListViewController.xib */,
			);
			name = Controller;
			sourceTree = "<group>";
		};
		B38AF1FD1943C18900E63198 /* View */ = {
			isa = PBXGroup;
			children = (
				B38AF1F21943BEED00E63198 /* MovieListCell.h */,
				B38AF1F31943BEED00E63198 /* MovieListCell.m */,
				B38AF1F41943BEED00E63198 /* MovieListCell.xib */,
			);
			name = View;
			sourceTree = "<group>";
		};
		B3EB7DEC19437D1E0084C4E8 = {
			isa = PBXGroup;
			children = (
				B3EB7DFE19437D1E0084C4E8 /* RottenTomatoes */,
				B3EB7E1719437D1E0084C4E8 /* RottenTomatoesTests */,
				B3EB7DF719437D1E0084C4E8 /* Frameworks */,
				B3EB7DF619437D1E0084C4E8 /* Products */,
				8E221E12ACD6405493A154AC /* Pods.xcconfig */,
			);
			sourceTree = "<group>";
		};
		B3EB7DF619437D1E0084C4E8 /* Products */ = {
			isa = PBXGroup;
			children = (
				B3EB7DF519437D1E0084C4E8 /* RottenTomatoes.app */,
				B3EB7E1019437D1E0084C4E8 /* RottenTomatoesTests.xctest */,
			);
			name = Products;
			sourceTree = "<group>";
		};
		B3EB7DF719437D1E0084C4E8 /* Frameworks */ = {
			isa = PBXGroup;
			children = (
				B3EB7DF819437D1E0084C4E8 /* Foundation.framework */,
				B3EB7DFA19437D1E0084C4E8 /* CoreGraphics.framework */,
				B3EB7DFC19437D1E0084C4E8 /* UIKit.framework */,
				B3EB7E1119437D1E0084C4E8 /* XCTest.framework */,
				697B91AA7D2649C4B2346B3B /* libPods.a */,
			);
			name = Frameworks;
			sourceTree = "<group>";
		};
		B3EB7DFE19437D1E0084C4E8 /* RottenTomatoes */ = {
			isa = PBXGroup;
			children = (
				B38AF1FD1943C18900E63198 /* View */,
				B38AF1FB1943C16300E63198 /* Controller */,
				B38AF1FA1943C15500E63198 /* Model */,
				B3EB7E0719437D1E0084C4E8 /* AppDelegate.h */,
				B3EB7E0819437D1E0084C4E8 /* AppDelegate.m */,
				B3EB7E0A19437D1E0084C4E8 /* Images.xcassets */,
				B3EB7DFF19437D1E0084C4E8 /* Supporting Files */,
			);
			path = RottenTomatoes;
			sourceTree = "<group>";
		};
		B3EB7DFF19437D1E0084C4E8 /* Supporting Files */ = {
			isa = PBXGroup;
			children = (
				B3EB7E0019437D1E0084C4E8 /* RottenTomatoes-Info.plist */,
				B3EB7E0119437D1E0084C4E8 /* InfoPlist.strings */,
				B3EB7E0419437D1E0084C4E8 /* main.m */,
				B3EB7E0619437D1E0084C4E8 /* RottenTomatoes-Prefix.pch */,
			);
			name = "Supporting Files";
			sourceTree = "<group>";
		};
		B3EB7E1719437D1E0084C4E8 /* RottenTomatoesTests */ = {
			isa = PBXGroup;
			children = (
				B3EB7E1D19437D1E0084C4E8 /* RottenTomatoesTests.m */,
				B3EB7E1819437D1E0084C4E8 /* Supporting Files */,
			);
			path = RottenTomatoesTests;
			sourceTree = "<group>";
		};
		B3EB7E1819437D1E0084C4E8 /* Supporting Files */ = {
			isa = PBXGroup;
			children = (
				B3EB7E1919437D1E0084C4E8 /* RottenTomatoesTests-Info.plist */,
				B3EB7E1A19437D1E0084C4E8 /* InfoPlist.strings */,
			);
			name = "Supporting Files";
			sourceTree = "<group>";
		};
/* End PBXGroup section */

/* Begin PBXNativeTarget section */
		B3EB7DF419437D1E0084C4E8 /* RottenTomatoes */ = {
			isa = PBXNativeTarget;
			buildConfigurationList = B3EB7E2119437D1E0084C4E8 /* Build configuration list for PBXNativeTarget "RottenTomatoes" */;
			buildPhases = (
				5F8E104E803944929BFDEE7F /* Check Pods Manifest.lock */,
				B3EB7DF119437D1E0084C4E8 /* Sources */,
				B3EB7DF219437D1E0084C4E8 /* Frameworks */,
				B3EB7DF319437D1E0084C4E8 /* Resources */,
				7CB2E6C48550448181C27C87 /* Copy Pods Resources */,
			);
			buildRules = (
			);
			dependencies = (
			);
			name = RottenTomatoes;
			productName = RottenTomatoes;
			productReference = B3EB7DF519437D1E0084C4E8 /* RottenTomatoes.app */;
			productType = "com.apple.product-type.application";
		};
		B3EB7E0F19437D1E0084C4E8 /* RottenTomatoesTests */ = {
			isa = PBXNativeTarget;
			buildConfigurationList = B3EB7E2419437D1E0084C4E8 /* Build configuration list for PBXNativeTarget "RottenTomatoesTests" */;
			buildPhases = (
				B3EB7E0C19437D1E0084C4E8 /* Sources */,
				B3EB7E0D19437D1E0084C4E8 /* Frameworks */,
				B3EB7E0E19437D1E0084C4E8 /* Resources */,
			);
			buildRules = (
			);
			dependencies = (
				B3EB7E1619437D1E0084C4E8 /* PBXTargetDependency */,
			);
			name = RottenTomatoesTests;
			productName = RottenTomatoesTests;
			productReference = B3EB7E1019437D1E0084C4E8 /* RottenTomatoesTests.xctest */;
			productType = "com.apple.product-type.bundle.unit-test";
		};
/* End PBXNativeTarget section */

/* Begin PBXProject section */
		B3EB7DED19437D1E0084C4E8 /* Project object */ = {
			isa = PBXProject;
			attributes = {
				LastUpgradeCheck = 0510;
				ORGANIZATIONNAME = Pierpaolo;
				TargetAttributes = {
					B3EB7E0F19437D1E0084C4E8 = {
						TestTargetID = B3EB7DF419437D1E0084C4E8;
					};
				};
			};
			buildConfigurationList = B3EB7DF019437D1E0084C4E8 /* Build configuration list for PBXProject "RottenTomatoes" */;
			compatibilityVersion = "Xcode 3.2";
			developmentRegion = English;
			hasScannedForEncodings = 0;
			knownRegions = (
				en,
			);
			mainGroup = B3EB7DEC19437D1E0084C4E8;
			productRefGroup = B3EB7DF619437D1E0084C4E8 /* Products */;
			projectDirPath = "";
			projectRoot = "";
			targets = (
				B3EB7DF419437D1E0084C4E8 /* RottenTomatoes */,
				B3EB7E0F19437D1E0084C4E8 /* RottenTomatoesTests */,
			);
		};
/* End PBXProject section */

/* Begin PBXResourcesBuildPhase section */
		B3EB7DF319437D1E0084C4E8 /* Resources */ = {
			isa = PBXResourcesBuildPhase;
			buildActionMask = 2147483647;
			files = (
				B38AF1EE1943924F00E63198 /* MovieListViewController.xib in Resources */,
				B3EB7E0319437D1E0084C4E8 /* InfoPlist.strings in Resources */,
				B38AF1F61943BEED00E63198 /* MovieListCell.xib in Resources */,
				B38AF20D1944DC4900E63198 /* MovieDetailsViewController.xib in Resources */,
				B3EB7E0B19437D1E0084C4E8 /* Images.xcassets in Resources */,
			);
			runOnlyForDeploymentPostprocessing = 0;
		};
		B3EB7E0E19437D1E0084C4E8 /* Resources */ = {
			isa = PBXResourcesBuildPhase;
			buildActionMask = 2147483647;
			files = (
				B3EB7E1C19437D1E0084C4E8 /* InfoPlist.strings in Resources */,
			);
			runOnlyForDeploymentPostprocessing = 0;
		};
/* End PBXResourcesBuildPhase section */

/* Begin PBXShellScriptBuildPhase section */
		5F8E104E803944929BFDEE7F /* Check Pods Manifest.lock */ = {
			isa = PBXShellScriptBuildPhase;
			buildActionMask = 2147483647;
			files = (
			);
			inputPaths = (
			);
			name = "Check Pods Manifest.lock";
			outputPaths = (
			);
			runOnlyForDeploymentPostprocessing = 0;
			shellPath = /bin/sh;
			shellScript = "diff \"${PODS_ROOT}/../Podfile.lock\" \"${PODS_ROOT}/Manifest.lock\" > /dev/null\nif [[ $? != 0 ]] ; then\n    cat << EOM\nerror: The sandbox is not in sync with the Podfile.lock. Run 'pod install' or update your CocoaPods installation.\nEOM\n    exit 1\nfi\n";
			showEnvVarsInLog = 0;
		};
		7CB2E6C48550448181C27C87 /* Copy Pods Resources */ = {
			isa = PBXShellScriptBuildPhase;
			buildActionMask = 2147483647;
			files = (
			);
			inputPaths = (
			);
			name = "Copy Pods Resources";
			outputPaths = (
			);
			runOnlyForDeploymentPostprocessing = 0;
			shellPath = /bin/sh;
			shellScript = "\"${SRCROOT}/Pods/Pods-resources.sh\"\n";
			showEnvVarsInLog = 0;
		};
/* End PBXShellScriptBuildPhase section */

/* Begin PBXSourcesBuildPhase section */
		B3EB7DF119437D1E0084C4E8 /* Sources */ = {
			isa = PBXSourcesBuildPhase;
			buildActionMask = 2147483647;
			files = (
				B3EB7E0919437D1E0084C4E8 /* AppDelegate.m in Sources */,
				B38AF1F91943C14900E63198 /* MovieInfo.m in Sources */,
				B38AF1ED1943924F00E63198 /* MovieListViewController.m in Sources */,
				B38AF1F51943BEED00E63198 /* MovieListCell.m in Sources */,
				B38AF20C1944DC4900E63198 /* MovieDetailsViewController.m in Sources */,
				B3EB7E0519437D1E0084C4E8 /* main.m in Sources */,
			);
			runOnlyForDeploymentPostprocessing = 0;
		};
		B3EB7E0C19437D1E0084C4E8 /* Sources */ = {
			isa = PBXSourcesBuildPhase;
			buildActionMask = 2147483647;
			files = (
				B3EB7E1E19437D1E0084C4E8 /* RottenTomatoesTests.m in Sources */,
			);
			runOnlyForDeploymentPostprocessing = 0;
		};
/* End PBXSourcesBuildPhase section */

/* Begin PBXTargetDependency section */
		B3EB7E1619437D1E0084C4E8 /* PBXTargetDependency */ = {
			isa = PBXTargetDependency;
			target = B3EB7DF419437D1E0084C4E8 /* RottenTomatoes */;
			targetProxy = B3EB7E1519437D1E0084C4E8 /* PBXContainerItemProxy */;
		};
/* End PBXTargetDependency section */

/* Begin PBXVariantGroup section */
		B3EB7E0119437D1E0084C4E8 /* InfoPlist.strings */ = {
			isa = PBXVariantGroup;
			children = (
				B3EB7E0219437D1E0084C4E8 /* en */,
			);
			name = InfoPlist.strings;
			sourceTree = "<group>";
		};
		B3EB7E1A19437D1E0084C4E8 /* InfoPlist.strings */ = {
			isa = PBXVariantGroup;
			children = (
				B3EB7E1B19437D1E0084C4E8 /* en */,
			);
			name = InfoPlist.strings;
			sourceTree = "<group>";
		};
/* End PBXVariantGroup section */

/* Begin XCBuildConfiguration section */
		B3EB7E1F19437D1E0084C4E8 /* Debug */ = {
			isa = XCBuildConfiguration;
			buildSettings = {
				ALWAYS_SEARCH_USER_PATHS = NO;
				CLANG_CXX_LANGUAGE_STANDARD = "gnu++0x";
				CLANG_CXX_LIBRARY = "libc++";
				CLANG_ENABLE_MODULES = YES;
				CLANG_ENABLE_OBJC_ARC = YES;
				CLANG_WARN_BOOL_CONVERSION = YES;
				CLANG_WARN_CONSTANT_CONVERSION = YES;
				CLANG_WARN_DIRECT_OBJC_ISA_USAGE = YES_ERROR;
				CLANG_WARN_EMPTY_BODY = YES;
				CLANG_WARN_ENUM_CONVERSION = YES;
				CLANG_WARN_INT_CONVERSION = YES;
				CLANG_WARN_OBJC_ROOT_CLASS = YES_ERROR;
				CLANG_WARN__DUPLICATE_METHOD_MATCH = YES;
				"CODE_SIGN_IDENTITY[sdk=iphoneos*]" = "iPhone Developer";
				COPY_PHASE_STRIP = NO;
				GCC_C_LANGUAGE_STANDARD = gnu99;
				GCC_DYNAMIC_NO_PIC = NO;
				GCC_OPTIMIZATION_LEVEL = 0;
				GCC_PREPROCESSOR_DEFINITIONS = (
					"DEBUG=1",
					"$(inherited)",
				);
				GCC_SYMBOLS_PRIVATE_EXTERN = NO;
				GCC_WARN_64_TO_32_BIT_CONVERSION = YES;
				GCC_WARN_ABOUT_RETURN_TYPE = YES_ERROR;
				GCC_WARN_UNDECLARED_SELECTOR = YES;
				GCC_WARN_UNINITIALIZED_AUTOS = YES_AGGRESSIVE;
				GCC_WARN_UNUSED_FUNCTION = YES;
				GCC_WARN_UNUSED_VARIABLE = YES;
				IPHONEOS_DEPLOYMENT_TARGET = 7.1;
				ONLY_ACTIVE_ARCH = YES;
				SDKROOT = iphoneos;
			};
			name = Debug;
		};
		B3EB7E2019437D1E0084C4E8 /* Release */ = {
			isa = XCBuildConfiguration;
			buildSettings = {
				ALWAYS_SEARCH_USER_PATHS = NO;
				CLANG_CXX_LANGUAGE_STANDARD = "gnu++0x";
				CLANG_CXX_LIBRARY = "libc++";
				CLANG_ENABLE_MODULES = YES;
				CLANG_ENABLE_OBJC_ARC = YES;
				CLANG_WARN_BOOL_CONVERSION = YES;
				CLANG_WARN_CONSTANT_CONVERSION = YES;
				CLANG_WARN_DIRECT_OBJC_ISA_USAGE = YES_ERROR;
				CLANG_WARN_EMPTY_BODY = YES;
				CLANG_WARN_ENUM_CONVERSION = YES;
				CLANG_WARN_INT_CONVERSION = YES;
				CLANG_WARN_OBJC_ROOT_CLASS = YES_ERROR;
				CLANG_WARN__DUPLICATE_METHOD_MATCH = YES;
				"CODE_SIGN_IDENTITY[sdk=iphoneos*]" = "iPhone Developer";
				COPY_PHASE_STRIP = YES;
				ENABLE_NS_ASSERTIONS = NO;
				GCC_C_LANGUAGE_STANDARD = gnu99;
				GCC_WARN_64_TO_32_BIT_CONVERSION = YES;
				GCC_WARN_ABOUT_RETURN_TYPE = YES_ERROR;
				GCC_WARN_UNDECLARED_SELECTOR = YES;
				GCC_WARN_UNINITIALIZED_AUTOS = YES_AGGRESSIVE;
				GCC_WARN_UNUSED_FUNCTION = YES;
				GCC_WARN_UNUSED_VARIABLE = YES;
				IPHONEOS_DEPLOYMENT_TARGET = 7.1;
				SDKROOT = iphoneos;
				VALIDATE_PRODUCT = YES;
			};
			name = Release;
		};
		B3EB7E2219437D1E0084C4E8 /* Debug */ = {
			isa = XCBuildConfiguration;
			baseConfigurationReference = 8E221E12ACD6405493A154AC /* Pods.xcconfig */;
			buildSettings = {
				ASSETCATALOG_COMPILER_APPICON_NAME = AppIcon;
				ASSETCATALOG_COMPILER_LAUNCHIMAGE_NAME = LaunchImage;
				GCC_PRECOMPILE_PREFIX_HEADER = YES;
				GCC_PREFIX_HEADER = "RottenTomatoes/RottenTomatoes-Prefix.pch";
				INFOPLIST_FILE = "RottenTomatoes/RottenTomatoes-Info.plist";
				PRODUCT_NAME = "$(TARGET_NAME)";
				WRAPPER_EXTENSION = app;
			};
			name = Debug;
		};
		B3EB7E2319437D1E0084C4E8 /* Release */ = {
			isa = XCBuildConfiguration;
			baseConfigurationReference = 8E221E12ACD6405493A154AC /* Pods.xcconfig */;
			buildSettings = {
				ASSETCATALOG_COMPILER_APPICON_NAME = AppIcon;
				ASSETCATALOG_COMPILER_LAUNCHIMAGE_NAME = LaunchImage;
				GCC_PRECOMPILE_PREFIX_HEADER = YES;
				GCC_PREFIX_HEADER = "RottenTomatoes/RottenTomatoes-Prefix.pch";
				INFOPLIST_FILE = "RottenTomatoes/RottenTomatoes-Info.plist";
				PRODUCT_NAME = "$(TARGET_NAME)";
				WRAPPER_EXTENSION = app;
			};
			name = Release;
		};
		B3EB7E2519437D1E0084C4E8 /* Debug */ = {
			isa = XCBuildConfiguration;
			buildSettings = {
				BUNDLE_LOADER = "$(BUILT_PRODUCTS_DIR)/RottenTomatoes.app/RottenTomatoes";
				FRAMEWORK_SEARCH_PATHS = (
					"$(SDKROOT)/Developer/Library/Frameworks",
					"$(inherited)",
					"$(DEVELOPER_FRAMEWORKS_DIR)",
				);
				GCC_PRECOMPILE_PREFIX_HEADER = YES;
				GCC_PREFIX_HEADER = "RottenTomatoes/RottenTomatoes-Prefix.pch";
				GCC_PREPROCESSOR_DEFINITIONS = (
					"DEBUG=1",
					"$(inherited)",
				);
				INFOPLIST_FILE = "RottenTomatoesTests/RottenTomatoesTests-Info.plist";
				PRODUCT_NAME = "$(TARGET_NAME)";
				TEST_HOST = "$(BUNDLE_LOADER)";
				WRAPPER_EXTENSION = xctest;
			};
			name = Debug;
		};
		B3EB7E2619437D1E0084C4E8 /* Release */ = {
			isa = XCBuildConfiguration;
			buildSettings = {
				BUNDLE_LOADER = "$(BUILT_PRODUCTS_DIR)/RottenTomatoes.app/RottenTomatoes";
				FRAMEWORK_SEARCH_PATHS = (
					"$(SDKROOT)/Developer/Library/Frameworks",
					"$(inherited)",
					"$(DEVELOPER_FRAMEWORKS_DIR)",
				);
				GCC_PRECOMPILE_PREFIX_HEADER = YES;
				GCC_PREFIX_HEADER = "RottenTomatoes/RottenTomatoes-Prefix.pch";
				INFOPLIST_FILE = "RottenTomatoesTests/RottenTomatoesTests-Info.plist";
				PRODUCT_NAME = "$(TARGET_NAME)";
				TEST_HOST = "$(BUNDLE_LOADER)";
				WRAPPER_EXTENSION = xctest;
			};
			name = Release;
		};
/* End XCBuildConfiguration section */

/* Begin XCConfigurationList section */
		B3EB7DF019437D1E0084C4E8 /* Build configuration list for PBXProject "RottenTomatoes" */ = {
			isa = XCConfigurationList;
			buildConfigurations = (
				B3EB7E1F19437D1E0084C4E8 /* Debug */,
				B3EB7E2019437D1E0084C4E8 /* Release */,
			);
			defaultConfigurationIsVisible = 0;
			defaultConfigurationName = Release;
		};
		B3EB7E2119437D1E0084C4E8 /* Build configuration list for PBXNativeTarget "RottenTomatoes" */ = {
			isa = XCConfigurationList;
			buildConfigurations = (
				B3EB7E2219437D1E0084C4E8 /* Debug */,
				B3EB7E2319437D1E0084C4E8 /* Release */,
			);
			defaultConfigurationIsVisible = 0;
			defaultConfigurationName = Release;
		};
		B3EB7E2419437D1E0084C4E8 /* Build configuration list for PBXNativeTarget "RottenTomatoesTests" */ = {
			isa = XCConfigurationList;
			buildConfigurations = (
				B3EB7E2519437D1E0084C4E8 /* Debug */,
				B3EB7E2619437D1E0084C4E8 /* Release */,
			);
			defaultConfigurationIsVisible = 0;
			defaultConfigurationName = Release;
		};
/* End XCConfigurationList section */
	};
	rootObject = B3EB7DED19437D1E0084C4E8 /* Project object */;
}
